{
    "_readme": [
        "This file locks the dependencies of your project to a known state",
        "Read more about it at https://getcomposer.org/doc/01-basic-usage.md#composer-lock-the-lock-file",
        "This file is @generated automatically"
    ],
    "content-hash": "37a3b8c116919ec04d55ab65242e7677",
    "packages": [
        {
            "name": "comsave/soap-client",
            "version": "dev-master",
            "source": {
                "type": "git",
                "url": "https://github.com/Comsave/soap-client.git",
                "reference": "e04076cddf7e83ad9083099c809b79baa46ba7af"
            },
            "dist": {
                "type": "zip",
                "url": "https://api.github.com/repos/Comsave/soap-client/zipball/e04076cddf7e83ad9083099c809b79baa46ba7af",
                "reference": "e04076cddf7e83ad9083099c809b79baa46ba7af",
                "shasum": ""
            },
            "require": {
                "php": ">=5.3.0",
                "phpforce/common": "dev-master",
                "psr/log": "*"
            },
            "require-dev": {
                "doctrine/common": ">=2.3"
            },
            "suggest": {
                "doctrine/common": "For caching SOAP responses",
                "monolog/monolog": "For logging SOAP transactions"
            },
            "type": "library",
            "autoload": {
                "psr-0": {
                    "Phpforce\\SoapClient": "src"
                }
            },
            "license": [
                "MIT"
            ],
            "authors": [
                {
                    "name": "David de Boer",
                    "email": "david@ddeboer.nl",
                    "homepage": "http://ddeboer.nl"
                }
            ],
            "description": "A PHP client for the Salesforce SOAP API",
            "keywords": [
                "crm",
                "force.com",
                "salesforce",
                "soap",
                "web services"
            ],
            "support": {
                "source": "https://github.com/Comsave/soap-client/tree/master"
            },
            "time": "2017-07-07 09:26:51"
        },
        {
            "name": "phpforce/common",
            "version": "dev-master",
            "source": {
                "type": "git",
                "url": "https://github.com/phpforce/common.git",
                "reference": "aa96dfb6b0f43024c95a9d9c88396013e7513f9c"
            },
            "dist": {
                "type": "zip",
                "url": "https://api.github.com/repos/phpforce/common/zipball/aa96dfb6b0f43024c95a9d9c88396013e7513f9c",
                "reference": "aa96dfb6b0f43024c95a9d9c88396013e7513f9c",
                "shasum": ""
            },
            "require": {
                "php": ">=5.3.0",
                "symfony/event-dispatcher": ">=2.1"
            },
            "type": "library",
            "autoload": {
                "psr-0": {
                    "Phpforce\\Common": "src"
                }
            },
            "notification-url": "https://packagist.org/downloads/",
            "license": [
                "MIT"
            ],
            "authors": [
                {
                    "name": "David de Boer",
                    "email": "david@ddeboer.nl",
                    "homepage": "http://ddeboer.nl"
                }
            ],
            "description": "Common library for the PhpForce Salesforce libraries",
            "keywords": [
                "crm",
                "force.com",
                "salesforce",
                "soap",
                "web services"
            ],
            "time": "2014-01-09 10:36:21"
        },
        {
            "name": "psr/log",
            "version": "dev-master",
            "source": {
                "type": "git",
                "url": "https://github.com/php-fig/log.git",
                "reference": "4ebe3a8bf773a19edfe0a84b6585ba3d401b724d"
            },
            "dist": {
                "type": "zip",
                "url": "https://api.github.com/repos/php-fig/log/zipball/4ebe3a8bf773a19edfe0a84b6585ba3d401b724d",
                "reference": "4ebe3a8bf773a19edfe0a84b6585ba3d401b724d",
                "shasum": ""
            },
            "require": {
                "php": ">=5.3.0"
            },
            "type": "library",
            "extra": {
                "branch-alias": {
                    "dev-master": "1.0.x-dev"
                }
            },
            "autoload": {
                "psr-4": {
                    "Psr\\Log\\": "Psr/Log/"
                }
            },
            "notification-url": "https://packagist.org/downloads/",
            "license": [
                "MIT"
            ],
            "authors": [
                {
                    "name": "PHP-FIG",
                    "homepage": "http://www.php-fig.org/"
                }
            ],
            "description": "Common interface for logging libraries",
            "homepage": "https://github.com/php-fig/log",
            "keywords": [
                "log",
                "psr",
                "psr-3"
            ],
            "time": "2016-10-10 12:19:37"
        },
        {
            "name": "symfony/event-dispatcher",
            "version": "3.4.x-dev",
            "source": {
                "type": "git",
                "url": "https://github.com/symfony/event-dispatcher.git",
                "reference": "db08b1b2f9adb5d59a5e838d1577e73c418e05ed"
            },
            "dist": {
                "type": "zip",
                "url": "https://api.github.com/repos/symfony/event-dispatcher/zipball/db08b1b2f9adb5d59a5e838d1577e73c418e05ed",
                "reference": "db08b1b2f9adb5d59a5e838d1577e73c418e05ed",
                "shasum": ""
            },
            "require": {
                "php": ">=5.5.9"
            },
            "conflict": {
                "symfony/dependency-injection": "<3.3"
            },
            "require-dev": {
                "psr/log": "~1.0",
                "symfony/config": "~2.8|~3.0|~4.0",
                "symfony/dependency-injection": "~3.3|~4.0",
                "symfony/expression-language": "~2.8|~3.0|~4.0",
                "symfony/stopwatch": "~2.8|~3.0|~4.0"
            },
            "suggest": {
                "symfony/dependency-injection": "",
                "symfony/http-kernel": ""
            },
            "type": "library",
            "extra": {
                "branch-alias": {
                    "dev-master": "3.4-dev"
                }
            },
            "autoload": {
                "psr-4": {
                    "Symfony\\Component\\EventDispatcher\\": ""
                },
                "exclude-from-classmap": [
                    "/Tests/"
                ]
            },
            "notification-url": "https://packagist.org/downloads/",
            "license": [
                "MIT"
            ],
            "authors": [
                {
                    "name": "Fabien Potencier",
                    "email": "fabien@symfony.com"
                },
                {
                    "name": "Symfony Community",
                    "homepage": "https://symfony.com/contributors"
                }
            ],
            "description": "Symfony EventDispatcher Component",
            "homepage": "https://symfony.com",
            "time": "2017-06-12 16:03:21"
        }
    ],
    "packages-dev": [],
    "aliases": [],
    "minimum-stability": "dev",
    "stability-flags": [],
    "prefer-stable": false,
    "prefer-lowest": false,
    "platform": {
        "php": ">=5.3.0"
    },
    "platform-dev": []
}
