{
    "_readme": [
        "This file locks the dependencies of your project to a known state",
        "Read more about it at https://getcomposer.org/doc/01-basic-usage.md#composer-lock-the-lock-file",
        "This file is @generated automatically"
    ],
    "content-hash": "9b6c5a14f6688c39a934845704b77798",
    "packages": [
        {
            "name": "comsave/common",
            "version": "0.1.0",
            "source": {
                "type": "git",
                "url": "https://github.com/comsave/common.git",
                "reference": "13fc40208174f9560b1558bf595eacb64adbbdae"
            },
            "dist": {
                "type": "zip",
                "url": "https://api.github.com/repos/comsave/common/zipball/13fc40208174f9560b1558bf595eacb64adbbdae",
                "reference": "13fc40208174f9560b1558bf595eacb64adbbdae",
                "shasum": ""
            },
            "require": {
                "php": ">=5.3.0",
                "symfony/event-dispatcher": "~2.1"
            },
            "type": "library",
            "autoload": {
                "psr-0": {
                    "Phpforce\\Common": "src"
                }
            },
            "notification-url": "https://packagist.org/downloads/",
            "license": [
                "MIT"
            ],
            "authors": [
                {
                    "name": "David de Boer",
                    "email": "david@ddeboer.nl",
                    "homepage": "http://ddeboer.nl"
                }
            ],
            "description": "Common library for the PhpForce Salesforce libraries",
            "keywords": [
                "crm",
                "force.com",
                "salesforce",
                "soap",
                "web services"
            ],
            "time": "2017-07-10T08:41:56+00:00"
        },
        {
            "name": "comsave/soap-client",
            "version": "0.1.4",
            "source": {
                "type": "git",
                "url": "https://github.com/comsave/soap-client.git",
                "reference": "94dbe2e59fde563fb3fbadfd0cd203f31ec63575"
            },
            "dist": {
                "type": "zip",
                "url": "https://api.github.com/repos/comsave/soap-client/zipball/94dbe2e59fde563fb3fbadfd0cd203f31ec63575",
                "reference": "94dbe2e59fde563fb3fbadfd0cd203f31ec63575",
                "shasum": ""
            },
            "require": {
                "comsave/common": "~0.1.0",
                "php": ">=5.3.0",
                "psr/log": "~1.0.0"
            },
            "require-dev": {
                "doctrine/common": "~2.3"
            },
            "suggest": {
                "doctrine/common": "For caching SOAP responses",
                "monolog/monolog": "For logging SOAP transactions"
            },
            "type": "library",
            "autoload": {
                "psr-0": {
                    "Phpforce\\SoapClient": "src"
                }
            },
            "notification-url": "https://packagist.org/downloads/",
            "license": [
                "MIT"
            ],
            "authors": [
                {
                    "name": "David de Boer",
                    "email": "david@ddeboer.nl",
                    "homepage": "http://ddeboer.nl"
                }
            ],
            "description": "A PHP client for the Salesforce SOAP API",
            "keywords": [
                "crm",
                "force.com",
                "salesforce",
                "soap",
                "web services"
            ],
            "time": "2017-07-11T09:21:30+00:00"
        },
        {
            "name": "psr/log",
            "version": "1.0.2",
            "source": {
                "type": "git",
                "url": "https://github.com/php-fig/log.git",
                "reference": "4ebe3a8bf773a19edfe0a84b6585ba3d401b724d"
            },
            "dist": {
                "type": "zip",
                "url": "https://api.github.com/repos/php-fig/log/zipball/4ebe3a8bf773a19edfe0a84b6585ba3d401b724d",
                "reference": "4ebe3a8bf773a19edfe0a84b6585ba3d401b724d",
                "shasum": ""
            },
            "require": {
                "php": ">=5.3.0"
            },
            "type": "library",
            "extra": {
                "branch-alias": {
                    "dev-master": "1.0.x-dev"
                }
            },
            "autoload": {
                "psr-4": {
                    "Psr\\Log\\": "Psr/Log/"
                }
            },
            "notification-url": "https://packagist.org/downloads/",
            "license": [
                "MIT"
            ],
            "authors": [
                {
                    "name": "PHP-FIG",
                    "homepage": "http://www.php-fig.org/"
                }
            ],
            "description": "Common interface for logging libraries",
            "homepage": "https://github.com/php-fig/log",
            "keywords": [
                "log",
                "psr",
                "psr-3"
            ],
            "time": "2016-10-10T12:19:37+00:00"
        },
        {
            "name": "symfony/event-dispatcher",
            "version": "v2.8.24",
            "source": {
                "type": "git",
                "url": "https://github.com/symfony/event-dispatcher.git",
                "reference": "1377400fd641d7d1935981546aaef780ecd5bf6d"
            },
            "dist": {
                "type": "zip",
                "url": "https://api.github.com/repos/symfony/event-dispatcher/zipball/1377400fd641d7d1935981546aaef780ecd5bf6d",
                "reference": "1377400fd641d7d1935981546aaef780ecd5bf6d",
                "shasum": ""
            },
            "require": {
                "php": ">=5.3.9"
            },
            "require-dev": {
                "psr/log": "~1.0",
                "symfony/config": "^2.0.5|~3.0.0",
                "symfony/dependency-injection": "~2.6|~3.0.0",
                "symfony/expression-language": "~2.6|~3.0.0",
                "symfony/stopwatch": "~2.3|~3.0.0"
            },
            "suggest": {
                "symfony/dependency-injection": "",
                "symfony/http-kernel": ""
            },
            "type": "library",
            "extra": {
                "branch-alias": {
                    "dev-master": "2.8-dev"
                }
            },
            "autoload": {
                "psr-4": {
                    "Symfony\\Component\\EventDispatcher\\": ""
                },
                "exclude-from-classmap": [
                    "/Tests/"
                ]
            },
            "notification-url": "https://packagist.org/downloads/",
            "license": [
                "MIT"
            ],
            "authors": [
                {
                    "name": "Fabien Potencier",
                    "email": "fabien@symfony.com"
                },
                {
                    "name": "Symfony Community",
                    "homepage": "https://symfony.com/contributors"
                }
            ],
            "description": "Symfony EventDispatcher Component",
            "homepage": "https://symfony.com",
            "time": "2017-06-02T07:47:27+00:00"
        }
    ],
    "packages-dev": [],
    "aliases": [],
    "minimum-stability": "stable",
    "stability-flags": [],
    "prefer-stable": false,
    "prefer-lowest": false,
    "platform": {
        "php": ">=5.3.0"
    },
    "platform-dev": []
}
