{
    "_readme": [
        "This file locks the dependencies of your project to a known state",
        "Read more about it at https://getcomposer.org/doc/01-basic-usage.md#composer-lock-the-lock-file",
        "This file is @generated automatically"
    ],
    "content-hash": "73ec540dc8c3c851dc3338fec4e9dac8",
    "packages": [
        {
            "name": "comsave/soap-client",
            "version": "dev-master",
            "source": {
                "type": "git",
                "url": "https://github.com/comsave/soap-client.git",
                "reference": "38dde9fd13f3545378cae286846de4e39b8d8d9a"
            },
            "dist": {
                "type": "zip",
                "url": "https://api.github.com/repos/comsave/soap-client/zipball/38dde9fd13f3545378cae286846de4e39b8d8d9a",
                "reference": "38dde9fd13f3545378cae286846de4e39b8d8d9a",
                "shasum": ""
            },
            "require": {
                "php": ">=5.3.0",
                "phpforce/common": "dev-master",
                "psr/log": "*"
            },
            "require-dev": {
                "doctrine/common": ">=2.3"
            },
            "suggest": {
                "doctrine/common": "For caching SOAP responses",
                "monolog/monolog": "For logging SOAP transactions"
            },
            "type": "library",
            "autoload": {
                "psr-0": {
                    "Phpforce\\SoapClient": "src"
                }
            },
            "notification-url": "https://packagist.org/downloads/",
            "license": [
                "MIT"
            ],
            "authors": [
                {
                    "name": "David de Boer",
                    "email": "david@ddeboer.nl",
                    "homepage": "http://ddeboer.nl"
                }
            ],
            "description": "A PHP client for the Salesforce SOAP API",
            "keywords": [
                "crm",
                "force.com",
                "salesforce",
                "soap",
                "web services"
            ],
            "time": "2017-07-07 09:57:30"
        },
        {
            "name": "phpforce/common",
            "version": "dev-master",
            "source": {
                "type": "git",
                "url": "https://github.com/phpforce/common.git",
                "reference": "aa96dfb6b0f43024c95a9d9c88396013e7513f9c"
            },
            "dist": {
                "type": "zip",
                "url": "https://api.github.com/repos/phpforce/common/zipball/aa96dfb6b0f43024c95a9d9c88396013e7513f9c",
                "reference": "aa96dfb6b0f43024c95a9d9c88396013e7513f9c",
                "shasum": ""
            },
            "require": {
                "php": ">=5.3.0",
                "symfony/event-dispatcher": ">=2.1"
            },
            "type": "library",
            "autoload": {
                "psr-0": {
                    "Phpforce\\Common": "src"
                }
            },
            "notification-url": "https://packagist.org/downloads/",
            "license": [
                "MIT"
            ],
            "authors": [
                {
                    "name": "David de Boer",
                    "email": "david@ddeboer.nl",
                    "homepage": "http://ddeboer.nl"
                }
            ],
            "description": "Common library for the PhpForce Salesforce libraries",
            "keywords": [
                "crm",
                "force.com",
                "salesforce",
                "soap",
                "web services"
            ],
            "time": "2014-01-09 10:36:21"
        },
        {
            "name": "psr/log",
            "version": "1.0.2",
            "source": {
                "type": "git",
                "url": "https://github.com/php-fig/log.git",
                "reference": "4ebe3a8bf773a19edfe0a84b6585ba3d401b724d"
            },
            "dist": {
                "type": "zip",
                "url": "https://api.github.com/repos/php-fig/log/zipball/4ebe3a8bf773a19edfe0a84b6585ba3d401b724d",
                "reference": "4ebe3a8bf773a19edfe0a84b6585ba3d401b724d",
                "shasum": ""
            },
            "require": {
                "php": ">=5.3.0"
            },
            "type": "library",
            "extra": {
                "branch-alias": {
                    "dev-master": "1.0.x-dev"
                }
            },
            "autoload": {
                "psr-4": {
                    "Psr\\Log\\": "Psr/Log/"
                }
            },
            "notification-url": "https://packagist.org/downloads/",
            "license": [
                "MIT"
            ],
            "authors": [
                {
                    "name": "PHP-FIG",
                    "homepage": "http://www.php-fig.org/"
                }
            ],
            "description": "Common interface for logging libraries",
            "homepage": "https://github.com/php-fig/log",
            "keywords": [
                "log",
                "psr",
                "psr-3"
            ],
            "time": "2016-10-10T12:19:37+00:00"
        },
        {
            "name": "symfony/event-dispatcher",
            "version": "v3.3.4",
            "source": {
                "type": "git",
                "url": "https://github.com/symfony/event-dispatcher.git",
                "reference": "67535f1e3fd662bdc68d7ba317c93eecd973617e"
            },
            "dist": {
                "type": "zip",
                "url": "https://api.github.com/repos/symfony/event-dispatcher/zipball/67535f1e3fd662bdc68d7ba317c93eecd973617e",
                "reference": "67535f1e3fd662bdc68d7ba317c93eecd973617e",
                "shasum": ""
            },
            "require": {
                "php": ">=5.5.9"
            },
            "conflict": {
                "symfony/dependency-injection": "<3.3"
            },
            "require-dev": {
                "psr/log": "~1.0",
                "symfony/config": "~2.8|~3.0",
                "symfony/dependency-injection": "~3.3",
                "symfony/expression-language": "~2.8|~3.0",
                "symfony/stopwatch": "~2.8|~3.0"
            },
            "suggest": {
                "symfony/dependency-injection": "",
                "symfony/http-kernel": ""
            },
            "type": "library",
            "extra": {
                "branch-alias": {
                    "dev-master": "3.3-dev"
                }
            },
            "autoload": {
                "psr-4": {
                    "Symfony\\Component\\EventDispatcher\\": ""
                },
                "exclude-from-classmap": [
                    "/Tests/"
                ]
            },
            "notification-url": "https://packagist.org/downloads/",
            "license": [
                "MIT"
            ],
            "authors": [
                {
                    "name": "Fabien Potencier",
                    "email": "fabien@symfony.com"
                },
                {
                    "name": "Symfony Community",
                    "homepage": "https://symfony.com/contributors"
                }
            ],
            "description": "Symfony EventDispatcher Component",
            "homepage": "https://symfony.com",
            "time": "2017-06-09T14:53:08+00:00"
        }
    ],
    "packages-dev": [],
    "aliases": [],
    "minimum-stability": "dev",
    "stability-flags": {
        "comsave/soap-client": 20
    },
    "prefer-stable": true,
    "prefer-lowest": false,
    "platform": {
        "php": ">=5.3.0"
    },
    "platform-dev": []
}
